
Microsoft Visual Studio Solution File, Format Version 12.00
# Visual Studio Version 17
VisualStudioVersion = 17.6.33829.357
MinimumVisualStudioVersion = 10.0.40219.1
Project("{FAE04EC0-301F-11D3-BF4B-00C04F79EFBC}") = "Estacionamento", "Estacionamento\Estacionamento.csproj", "{B6F49BB6-B016-470B-AA98-EDA0C61A173D}"
EndProject
Global
	GlobalSection(SolutionConfigurationPlatforms) = preSolution
		Debug|Any CPU = Debug|Any CPU
		Release|Any CPU = Release|Any CPU
	EndGlobalSection
	GlobalSection(ProjectConfigurationPlatforms) = postSolution
		{B6F49BB6-B016-470B-AA98-EDA0C61A173D}.Debug|Any CPU.ActiveCfg = Debug|Any CPU
		{B6F49BB6-B016-470B-AA98-EDA0C61A173D}.Debug|Any CPU.Build.0 = Debug|Any CPU
		{B6F49BB6-B016-470B-AA98-EDA0C61A173D}.Release|Any CPU.ActiveCfg = Release|Any CPU
		{B6F49BB6-B016-470B-AA98-EDA0C61A173D}.Release|Any CPU.Build.0 = Release|Any CPU
	EndGlobalSection
	GlobalSection(SolutionProperties) = preSolution
		HideSolutionNode = FALSE
	EndGlobalSection
	GlobalSection(ExtensibilityGlobals) = postSolution
		SolutionGuid = {FAAFD5E5-9884-4EF5-83AC-649A72621DDB}
	EndGlobalSection
EndGlobal
